
Microsoft Visual Studio Solution File, Format Version 12.00
# Visual Studio Version 17
VisualStudioVersion = 17.13.35919.96 d17.13
MinimumVisualStudioVersion = 10.0.40219.1
Project("{FAE04EC0-301F-11D3-BF4B-00C04F79EFBC}") = "Email Manager", "Email Manager\Email Manager.csproj", "{DC2432D4-5EE8-457E-8545-E5ABEDF81446}"
EndProject
Global
	GlobalSection(SolutionConfigurationPlatforms) = preSolution
		Debug|Any CPU = Debug|Any CPU
		Release|Any CPU = Release|Any CPU
	EndGlobalSection
	GlobalSection(ProjectConfigurationPlatforms) = postSolution
		{DC2432D4-5EE8-457E-8545-E5ABEDF81446}.Debug|Any CPU.ActiveCfg = Debug|Any CPU
		{DC2432D4-5EE8-457E-8545-E5ABEDF81446}.Debug|Any CPU.Build.0 = Debug|Any CPU
		{DC2432D4-5EE8-457E-8545-E5ABEDF81446}.Release|Any CPU.ActiveCfg = Release|Any CPU
		{DC2432D4-5EE8-457E-8545-E5ABEDF81446}.Release|Any CPU.Build.0 = Release|Any CPU
	EndGlobalSection
	GlobalSection(SolutionProperties) = preSolution
		HideSolutionNode = FALSE
	EndGlobalSection
	GlobalSection(ExtensibilityGlobals) = postSolution
		SolutionGuid = {2806249F-E5B9-4ADA-AEBB-D5264A31FE0D}
	EndGlobalSection
EndGlobal
